
Microsoft Visual Studio Solution File, Format Version 12.00
# Visual Studio Version 17
VisualStudioVersion = 17.13.35931.197 d17.13
MinimumVisualStudioVersion = 10.0.40219.1
Project("{FAE04EC0-301F-11D3-BF4B-00C04F79EFBC}") = "Web", "Web\Web.csproj", "{A2D3E22B-502F-48A1-AB86-0883F3D3B204}"
EndProject
Global
	GlobalSection(SolutionConfigurationPlatforms) = preSolution
		Debug|Any CPU = Debug|Any CPU
		Release|Any CPU = Release|Any CPU
	EndGlobalSection
	GlobalSection(ProjectConfigurationPlatforms) = postSolution
		{A2D3E22B-502F-48A1-AB86-0883F3D3B204}.Debug|Any CPU.ActiveCfg = Debug|Any CPU
		{A2D3E22B-502F-48A1-AB86-0883F3D3B204}.Debug|Any CPU.Build.0 = Debug|Any CPU
		{A2D3E22B-502F-48A1-AB86-0883F3D3B204}.Release|Any CPU.ActiveCfg = Release|Any CPU
		{A2D3E22B-502F-48A1-AB86-0883F3D3B204}.Release|Any CPU.Build.0 = Release|Any CPU
	EndGlobalSection
	GlobalSection(SolutionProperties) = preSolution
		HideSolutionNode = FALSE
	EndGlobalSection
	GlobalSection(ExtensibilityGlobals) = postSolution
		SolutionGuid = {CF6807DF-9904-4A06-904D-31FAAF84933C}
	EndGlobalSection
EndGlobal
